
Microsoft Visual Studio Solution File, Format Version 12.00
# Visual Studio Version 16
VisualStudioVersion = 16.0.29911.84
MinimumVisualStudioVersion = 10.0.40219.1
Project("{FAE04EC0-301F-11D3-BF4B-00C04F79EFBC}") = "200428", "200428\200428.csproj", "{4A11AE02-314E-484F-B26D-E6AC5570269D}"
EndProject
Global
	GlobalSection(SolutionConfigurationPlatforms) = preSolution
		Debug|Any CPU = Debug|Any CPU
		Release|Any CPU = Release|Any CPU
	EndGlobalSection
	GlobalSection(ProjectConfigurationPlatforms) = postSolution
		{4A11AE02-314E-484F-B26D-E6AC5570269D}.Debug|Any CPU.ActiveCfg = Debug|Any CPU
		{4A11AE02-314E-484F-B26D-E6AC5570269D}.Debug|Any CPU.Build.0 = Debug|Any CPU
		{4A11AE02-314E-484F-B26D-E6AC5570269D}.Release|Any CPU.ActiveCfg = Release|Any CPU
		{4A11AE02-314E-484F-B26D-E6AC5570269D}.Release|Any CPU.Build.0 = Release|Any CPU
	EndGlobalSection
	GlobalSection(SolutionProperties) = preSolution
		HideSolutionNode = FALSE
	EndGlobalSection
	GlobalSection(ExtensibilityGlobals) = postSolution
		SolutionGuid = {94AC0BBE-1481-4B66-B2C0-5B0003D7B77F}
	EndGlobalSection
EndGlobal
