
Microsoft Visual Studio Solution File, Format Version 12.00
# Visual Studio Version 16
VisualStudioVersion = 16.0.29911.84
MinimumVisualStudioVersion = 10.0.40219.1
Project("{FAE04EC0-301F-11D3-BF4B-00C04F79EFBC}") = "204024v2", "204024v2\204024v2.csproj", "{BB07C30F-680A-4801-B6C2-DA10951D6A2B}"
EndProject
Global
	GlobalSection(SolutionConfigurationPlatforms) = preSolution
		Debug|Any CPU = Debug|Any CPU
		Release|Any CPU = Release|Any CPU
	EndGlobalSection
	GlobalSection(ProjectConfigurationPlatforms) = postSolution
		{BB07C30F-680A-4801-B6C2-DA10951D6A2B}.Debug|Any CPU.ActiveCfg = Debug|Any CPU
		{BB07C30F-680A-4801-B6C2-DA10951D6A2B}.Debug|Any CPU.Build.0 = Debug|Any CPU
		{BB07C30F-680A-4801-B6C2-DA10951D6A2B}.Release|Any CPU.ActiveCfg = Release|Any CPU
		{BB07C30F-680A-4801-B6C2-DA10951D6A2B}.Release|Any CPU.Build.0 = Release|Any CPU
	EndGlobalSection
	GlobalSection(SolutionProperties) = preSolution
		HideSolutionNode = FALSE
	EndGlobalSection
	GlobalSection(ExtensibilityGlobals) = postSolution
		SolutionGuid = {B9C533F6-09F6-462D-B523-6A85683E2EDE}
	EndGlobalSection
EndGlobal
